
Microsoft Visual Studio Solution File, Format Version 12.00
# Visual Studio Version 17
VisualStudioVersion = 17.5.002.0
MinimumVisualStudioVersion = 10.0.40219.1
Project("{9A19103F-16F7-4668-BE54-9A1E7A4F7556}") = "elevator-simulator", "elevator-simulator\elevator-simulator.csproj", "{CA4BA0F4-53DE-45D9-8243-A93125A3FD86}"
EndProject
Project("{9A19103F-16F7-4668-BE54-9A1E7A4F7556}") = "elevator-simulator.common", "elevator-simulator.common\elevator-simulator.common.csproj", "{0035CC4A-ABF9-4DB7-9520-DD86C5B34371}"
EndProject
Project("{9A19103F-16F7-4668-BE54-9A1E7A4F7556}") = "elevator-simulator.core", "elevator-simulator.core\elevator-simulator.core.csproj", "{BBE0264F-FEFF-4070-A5C6-314993BEA6C8}"
EndProject
Project("{9A19103F-16F7-4668-BE54-9A1E7A4F7556}") = "elevator-simulator.tests", "elevator-simulator.tests\elevator-simulator.tests.csproj", "{D2894AB6-56A9-4121-9C2E-070B51F6D1C1}"
EndProject
Global
	GlobalSection(SolutionConfigurationPlatforms) = preSolution
		Debug|Any CPU = Debug|Any CPU
		Release|Any CPU = Release|Any CPU
	EndGlobalSection
	GlobalSection(ProjectConfigurationPlatforms) = postSolution
		{CA4BA0F4-53DE-45D9-8243-A93125A3FD86}.Debug|Any CPU.ActiveCfg = Debug|Any CPU
		{CA4BA0F4-53DE-45D9-8243-A93125A3FD86}.Debug|Any CPU.Build.0 = Debug|Any CPU
		{CA4BA0F4-53DE-45D9-8243-A93125A3FD86}.Release|Any CPU.ActiveCfg = Release|Any CPU
		{CA4BA0F4-53DE-45D9-8243-A93125A3FD86}.Release|Any CPU.Build.0 = Release|Any CPU
		{0035CC4A-ABF9-4DB7-9520-DD86C5B34371}.Debug|Any CPU.ActiveCfg = Debug|Any CPU
		{0035CC4A-ABF9-4DB7-9520-DD86C5B34371}.Debug|Any CPU.Build.0 = Debug|Any CPU
		{0035CC4A-ABF9-4DB7-9520-DD86C5B34371}.Release|Any CPU.ActiveCfg = Release|Any CPU
		{0035CC4A-ABF9-4DB7-9520-DD86C5B34371}.Release|Any CPU.Build.0 = Release|Any CPU
		{BBE0264F-FEFF-4070-A5C6-314993BEA6C8}.Debug|Any CPU.ActiveCfg = Debug|Any CPU
		{BBE0264F-FEFF-4070-A5C6-314993BEA6C8}.Debug|Any CPU.Build.0 = Debug|Any CPU
		{BBE0264F-FEFF-4070-A5C6-314993BEA6C8}.Release|Any CPU.ActiveCfg = Release|Any CPU
		{BBE0264F-FEFF-4070-A5C6-314993BEA6C8}.Release|Any CPU.Build.0 = Release|Any CPU
		{D2894AB6-56A9-4121-9C2E-070B51F6D1C1}.Debug|Any CPU.ActiveCfg = Debug|Any CPU
		{D2894AB6-56A9-4121-9C2E-070B51F6D1C1}.Debug|Any CPU.Build.0 = Debug|Any CPU
		{D2894AB6-56A9-4121-9C2E-070B51F6D1C1}.Release|Any CPU.ActiveCfg = Release|Any CPU
		{D2894AB6-56A9-4121-9C2E-070B51F6D1C1}.Release|Any CPU.Build.0 = Release|Any CPU
	EndGlobalSection
	GlobalSection(SolutionProperties) = preSolution
		HideSolutionNode = FALSE
	EndGlobalSection
	GlobalSection(ExtensibilityGlobals) = postSolution
		SolutionGuid = {73D9D18A-269E-418A-93FE-717A6FA5B741}
	EndGlobalSection
EndGlobal
